
Microsoft Visual Studio Solution File, Format Version 12.00
# Visual Studio Version 17
VisualStudioVersion = 17.0.32014.148
MinimumVisualStudioVersion = 10.0.40219.1
Project("{9A19103F-16F7-4668-BE54-9A1E7A4F7556}") = "RepositoryLayer", "RepositoryLayer\RepositoryLayer.csproj", "{1AE4B21A-AD19-47C9-8404-4FA2B3D9951D}"
EndProject
Project("{9A19103F-16F7-4668-BE54-9A1E7A4F7556}") = "BusinessLogic", "BusinessLogic\BusinessLogic.csproj", "{089CAC63-B1A7-4129-8C22-70EEC6AF05AA}"
EndProject
Project("{FAE04EC0-301F-11D3-BF4B-00C04F79EFBC}") = "API", "API\API.csproj", "{2817DE9D-AC17-4530-880A-2FD60B349598}"
EndProject
Global
	GlobalSection(SolutionConfigurationPlatforms) = preSolution
		Debug|Any CPU = Debug|Any CPU
		Release|Any CPU = Release|Any CPU
	EndGlobalSection
	GlobalSection(ProjectConfigurationPlatforms) = postSolution
		{1AE4B21A-AD19-47C9-8404-4FA2B3D9951D}.Debug|Any CPU.ActiveCfg = Debug|Any CPU
		{1AE4B21A-AD19-47C9-8404-4FA2B3D9951D}.Debug|Any CPU.Build.0 = Debug|Any CPU
		{1AE4B21A-AD19-47C9-8404-4FA2B3D9951D}.Release|Any CPU.ActiveCfg = Release|Any CPU
		{1AE4B21A-AD19-47C9-8404-4FA2B3D9951D}.Release|Any CPU.Build.0 = Release|Any CPU
		{089CAC63-B1A7-4129-8C22-70EEC6AF05AA}.Debug|Any CPU.ActiveCfg = Debug|Any CPU
		{089CAC63-B1A7-4129-8C22-70EEC6AF05AA}.Debug|Any CPU.Build.0 = Debug|Any CPU
		{089CAC63-B1A7-4129-8C22-70EEC6AF05AA}.Release|Any CPU.ActiveCfg = Release|Any CPU
		{089CAC63-B1A7-4129-8C22-70EEC6AF05AA}.Release|Any CPU.Build.0 = Release|Any CPU
		{2817DE9D-AC17-4530-880A-2FD60B349598}.Debug|Any CPU.ActiveCfg = Debug|Any CPU
		{2817DE9D-AC17-4530-880A-2FD60B349598}.Debug|Any CPU.Build.0 = Debug|Any CPU
		{2817DE9D-AC17-4530-880A-2FD60B349598}.Release|Any CPU.ActiveCfg = Release|Any CPU
		{2817DE9D-AC17-4530-880A-2FD60B349598}.Release|Any CPU.Build.0 = Release|Any CPU
	EndGlobalSection
	GlobalSection(SolutionProperties) = preSolution
		HideSolutionNode = FALSE
	EndGlobalSection
	GlobalSection(ExtensibilityGlobals) = postSolution
		SolutionGuid = {542E1612-8632-446C-A859-9A2239A15655}
	EndGlobalSection
EndGlobal
